
Microsoft Visual Studio Solution File, Format Version 12.00
# Visual Studio Version 17
VisualStudioVersion = 17.3.32901.215
MinimumVisualStudioVersion = 10.0.40219.1
Project("{FAE04EC0-301F-11D3-BF4B-00C04F79EFBC}") = "örn01", "örn01\örn01.csproj", "{FEA68891-89A9-413F-BEC1-D6B23B2997BF}"
EndProject
Global
	GlobalSection(SolutionConfigurationPlatforms) = preSolution
		Debug|Any CPU = Debug|Any CPU
		Release|Any CPU = Release|Any CPU
	EndGlobalSection
	GlobalSection(ProjectConfigurationPlatforms) = postSolution
		{FEA68891-89A9-413F-BEC1-D6B23B2997BF}.Debug|Any CPU.ActiveCfg = Debug|Any CPU
		{FEA68891-89A9-413F-BEC1-D6B23B2997BF}.Debug|Any CPU.Build.0 = Debug|Any CPU
		{FEA68891-89A9-413F-BEC1-D6B23B2997BF}.Release|Any CPU.ActiveCfg = Release|Any CPU
		{FEA68891-89A9-413F-BEC1-D6B23B2997BF}.Release|Any CPU.Build.0 = Release|Any CPU
	EndGlobalSection
	GlobalSection(SolutionProperties) = preSolution
		HideSolutionNode = FALSE
	EndGlobalSection
	GlobalSection(ExtensibilityGlobals) = postSolution
		SolutionGuid = {5EB5D5B3-8BE8-4DDB-B5AC-990E49BB50C6}
	EndGlobalSection
EndGlobal
